Microsoft Visual Studio Solution File, Format Version 8.00
Project("{8BC9CEB8-8B4A-11D0-8D11-00A0C91BC942}") = "buildcounter", "buildcounter.vcproj", "{C6E72C29-38A3-4897-AA05-E87B0323AA71}"
	ProjectSection(ProjectDependencies) = postProject
	EndProjectSection
EndProject
Global
	GlobalSection(SolutionConfiguration) = preSolution
		Debug = Debug
		Release = Release
	EndGlobalSection
	GlobalSection(ProjectConfiguration) = postSolution
		{C6E72C29-38A3-4897-AA05-E87B0323AA71}.Debug.ActiveCfg = Release|Win32
		{C6E72C29-38A3-4897-AA05-E87B0323AA71}.Debug.Build.0 = Release|Win32
		{C6E72C29-38A3-4897-AA05-E87B0323AA71}.Release.ActiveCfg = Release|Win32
		{C6E72C29-38A3-4897-AA05-E87B0323AA71}.Release.Build.0 = Release|Win32
	EndGlobalSection
	GlobalSection(ExtensibilityGlobals) = postSolution
	EndGlobalSection
	GlobalSection(ExtensibilityAddIns) = postSolution
	EndGlobalSection
EndGlobal
